
Microsoft Visual Studio Solution File, Format Version 12.00
# Visual Studio Version 17
VisualStudioVersion = 17.14.36121.58
MinimumVisualStudioVersion = 10.0.40219.1
Project("{FAE04EC0-301F-11D3-BF4B-00C04F79EFBC}") = "SH1ProjeUygulamasi.WebUI", "SH1ProjeUygulamasi.WebUI\SH1ProjeUygulamasi.WebUI.csproj", "{016A830C-9DDD-4206-9FAC-AF03E49B48E7}"
EndProject
Project("{FAE04EC0-301F-11D3-BF4B-00C04F79EFBC}") = "SH1ProjeUygulamasi.Core", "SH1ProjeUygulamasi.Core\SH1ProjeUygulamasi.Core.csproj", "{49F72D19-09CD-442B-A241-218D3D7303E1}"
EndProject
Project("{FAE04EC0-301F-11D3-BF4B-00C04F79EFBC}") = "SH1ProjeUygulamasi.Data", "SH1ProjeUygulamasi.Data\SH1ProjeUygulamasi.Data.csproj", "{82023EE3-E5A1-426F-B656-ABBE53F49F60}"
EndProject
Project("{FAE04EC0-301F-11D3-BF4B-00C04F79EFBC}") = "SH1ProjeUygulamasi.Service", "SH1ProjeUygulamasi.Service\SH1ProjeUygulamasi.Service.csproj", "{02969403-0DC0-410D-B830-EDF86BD0606D}"
EndProject
Project("{FAE04EC0-301F-11D3-BF4B-00C04F79EFBC}") = "SH1ProjeUygulamasi.WebAPI", "SH1ProjeUygulamasi.WebAPI\SH1ProjeUygulamasi.WebAPI.csproj", "{4510054C-431F-48C8-AFCD-7DEF1383196A}"
EndProject
Global
	GlobalSection(SolutionConfigurationPlatforms) = preSolution
		Debug|Any CPU = Debug|Any CPU
		Release|Any CPU = Release|Any CPU
	EndGlobalSection
	GlobalSection(ProjectConfigurationPlatforms) = postSolution
		{016A830C-9DDD-4206-9FAC-AF03E49B48E7}.Debug|Any CPU.ActiveCfg = Debug|Any CPU
		{016A830C-9DDD-4206-9FAC-AF03E49B48E7}.Debug|Any CPU.Build.0 = Debug|Any CPU
		{016A830C-9DDD-4206-9FAC-AF03E49B48E7}.Release|Any CPU.ActiveCfg = Release|Any CPU
		{016A830C-9DDD-4206-9FAC-AF03E49B48E7}.Release|Any CPU.Build.0 = Release|Any CPU
		{49F72D19-09CD-442B-A241-218D3D7303E1}.Debug|Any CPU.ActiveCfg = Debug|Any CPU
		{49F72D19-09CD-442B-A241-218D3D7303E1}.Debug|Any CPU.Build.0 = Debug|Any CPU
		{49F72D19-09CD-442B-A241-218D3D7303E1}.Release|Any CPU.ActiveCfg = Release|Any CPU
		{49F72D19-09CD-442B-A241-218D3D7303E1}.Release|Any CPU.Build.0 = Release|Any CPU
		{82023EE3-E5A1-426F-B656-ABBE53F49F60}.Debug|Any CPU.ActiveCfg = Debug|Any CPU
		{82023EE3-E5A1-426F-B656-ABBE53F49F60}.Debug|Any CPU.Build.0 = Debug|Any CPU
		{82023EE3-E5A1-426F-B656-ABBE53F49F60}.Release|Any CPU.ActiveCfg = Release|Any CPU
		{82023EE3-E5A1-426F-B656-ABBE53F49F60}.Release|Any CPU.Build.0 = Release|Any CPU
		{02969403-0DC0-410D-B830-EDF86BD0606D}.Debug|Any CPU.ActiveCfg = Debug|Any CPU
		{02969403-0DC0-410D-B830-EDF86BD0606D}.Debug|Any CPU.Build.0 = Debug|Any CPU
		{02969403-0DC0-410D-B830-EDF86BD0606D}.Release|Any CPU.ActiveCfg = Release|Any CPU
		{02969403-0DC0-410D-B830-EDF86BD0606D}.Release|Any CPU.Build.0 = Release|Any CPU
		{4510054C-431F-48C8-AFCD-7DEF1383196A}.Debug|Any CPU.ActiveCfg = Debug|Any CPU
		{4510054C-431F-48C8-AFCD-7DEF1383196A}.Debug|Any CPU.Build.0 = Debug|Any CPU
		{4510054C-431F-48C8-AFCD-7DEF1383196A}.Release|Any CPU.ActiveCfg = Release|Any CPU
		{4510054C-431F-48C8-AFCD-7DEF1383196A}.Release|Any CPU.Build.0 = Release|Any CPU
	EndGlobalSection
	GlobalSection(SolutionProperties) = preSolution
		HideSolutionNode = FALSE
	EndGlobalSection
	GlobalSection(ExtensibilityGlobals) = postSolution
		SolutionGuid = {DD8544BB-7DB1-4EA0-B43E-40359E1D201C}
	EndGlobalSection
EndGlobal
